
Microsoft Visual Studio Solution File, Format Version 12.00
# Visual Studio Version 17
VisualStudioVersion = 17.5.002.0
MinimumVisualStudioVersion = 10.0.40219.1
Project("{9A19103F-16F7-4668-BE54-9A1E7A4F7556}") = "SuperHeroAPI_.NET", "SuperHeroAPI_.NET.csproj", "{C5556507-A4F8-4ABA-B2D9-64AA189B55D0}"
EndProject
Global
	GlobalSection(SolutionConfigurationPlatforms) = preSolution
		Debug|Any CPU = Debug|Any CPU
		Release|Any CPU = Release|Any CPU
	EndGlobalSection
	GlobalSection(ProjectConfigurationPlatforms) = postSolution
		{C5556507-A4F8-4ABA-B2D9-64AA189B55D0}.Debug|Any CPU.ActiveCfg = Debug|Any CPU
		{C5556507-A4F8-4ABA-B2D9-64AA189B55D0}.Debug|Any CPU.Build.0 = Debug|Any CPU
		{C5556507-A4F8-4ABA-B2D9-64AA189B55D0}.Release|Any CPU.ActiveCfg = Release|Any CPU
		{C5556507-A4F8-4ABA-B2D9-64AA189B55D0}.Release|Any CPU.Build.0 = Release|Any CPU
	EndGlobalSection
	GlobalSection(SolutionProperties) = preSolution
		HideSolutionNode = FALSE
	EndGlobalSection
	GlobalSection(ExtensibilityGlobals) = postSolution
		SolutionGuid = {49C6FC5D-322D-49A6-A818-68B61C8E5EE0}
	EndGlobalSection
EndGlobal
